
Microsoft Visual Studio Solution File, Format Version 12.00
# Visual Studio Version 17
VisualStudioVersion = 17.0.32002.185
MinimumVisualStudioVersion = 10.0.40219.1
Project("{FAE04EC0-301F-11D3-BF4B-00C04F79EFBC}") = "WebAssignment3", "WebAssignment3\WebAssignment3.csproj", "{FA96F12C-36ED-4A6C-ACE2-4DD8396EE434}"
EndProject
Global
	GlobalSection(SolutionConfigurationPlatforms) = preSolution
		Debug|Any CPU = Debug|Any CPU
		Release|Any CPU = Release|Any CPU
	EndGlobalSection
	GlobalSection(ProjectConfigurationPlatforms) = postSolution
		{FA96F12C-36ED-4A6C-ACE2-4DD8396EE434}.Debug|Any CPU.ActiveCfg = Debug|Any CPU
		{FA96F12C-36ED-4A6C-ACE2-4DD8396EE434}.Debug|Any CPU.Build.0 = Debug|Any CPU
		{FA96F12C-36ED-4A6C-ACE2-4DD8396EE434}.Release|Any CPU.ActiveCfg = Release|Any CPU
		{FA96F12C-36ED-4A6C-ACE2-4DD8396EE434}.Release|Any CPU.Build.0 = Release|Any CPU
	EndGlobalSection
	GlobalSection(SolutionProperties) = preSolution
		HideSolutionNode = FALSE
	EndGlobalSection
	GlobalSection(ExtensibilityGlobals) = postSolution
		SolutionGuid = {8F806AE3-C6D8-4376-ADA7-013BB585539D}
	EndGlobalSection
EndGlobal
