
Microsoft Visual Studio Solution File, Format Version 12.00
# Visual Studio Version 17
VisualStudioVersion = 17.0.32002.185
MinimumVisualStudioVersion = 10.0.40219.1
Project("{9A19103F-16F7-4668-BE54-9A1E7A4F7556}") = "RazorRegistration", "RazorRegistration\RazorRegistration.csproj", "{8B5C893D-CF82-4D46-9FAB-3C5EAC761226}"
EndProject
Global
	GlobalSection(SolutionConfigurationPlatforms) = preSolution
		Debug|Any CPU = Debug|Any CPU
		Release|Any CPU = Release|Any CPU
	EndGlobalSection
	GlobalSection(ProjectConfigurationPlatforms) = postSolution
		{8B5C893D-CF82-4D46-9FAB-3C5EAC761226}.Debug|Any CPU.ActiveCfg = Debug|Any CPU
		{8B5C893D-CF82-4D46-9FAB-3C5EAC761226}.Debug|Any CPU.Build.0 = Debug|Any CPU
		{8B5C893D-CF82-4D46-9FAB-3C5EAC761226}.Release|Any CPU.ActiveCfg = Release|Any CPU
		{8B5C893D-CF82-4D46-9FAB-3C5EAC761226}.Release|Any CPU.Build.0 = Release|Any CPU
	EndGlobalSection
	GlobalSection(SolutionProperties) = preSolution
		HideSolutionNode = FALSE
	EndGlobalSection
	GlobalSection(ExtensibilityGlobals) = postSolution
		SolutionGuid = {E5E4D1E6-8880-4B2B-BD3B-30F6AE6E9299}
	EndGlobalSection
EndGlobal
